
Microsoft Visual Studio Solution File, Format Version 12.00
# Visual Studio 2012
Project("{FAE04EC0-301F-11D3-BF4B-00C04F79EFBC}") = "Calculator", "Calculator\Calculator.csproj", "{A15391A2-6C66-4FC7-A2C9-3091F9877C63}"
EndProject
Global
	GlobalSection(SolutionConfigurationPlatforms) = preSolution
		Debug|Any CPU = Debug|Any CPU
		Release|Any CPU = Release|Any CPU
	EndGlobalSection
	GlobalSection(ProjectConfigurationPlatforms) = postSolution
		{A15391A2-6C66-4FC7-A2C9-3091F9877C63}.Debug|Any CPU.ActiveCfg = Debug|Any CPU
		{A15391A2-6C66-4FC7-A2C9-3091F9877C63}.Debug|Any CPU.Build.0 = Debug|Any CPU
		{A15391A2-6C66-4FC7-A2C9-3091F9877C63}.Release|Any CPU.ActiveCfg = Release|Any CPU
		{A15391A2-6C66-4FC7-A2C9-3091F9877C63}.Release|Any CPU.Build.0 = Release|Any CPU
	EndGlobalSection
	GlobalSection(SolutionProperties) = preSolution
		HideSolutionNode = FALSE
	EndGlobalSection
EndGlobal
